
Microsoft Visual Studio Solution File, Format Version 12.00
# Visual Studio 14
VisualStudioVersion = 14.0.25420.1
MinimumVisualStudioVersion = 10.0.40219.1
Project("{FAE04EC0-301F-11D3-BF4B-00C04F79EFBC}") = "KnightRider", "KnightRider\KnightRider.csproj", "{AFCD57E1-5DF5-4D26-A5F0-D5DB99AD87AD}"
EndProject
Global
	GlobalSection(SolutionConfigurationPlatforms) = preSolution
		Debug|ARM = Debug|ARM
		Debug|x64 = Debug|x64
		Debug|x86 = Debug|x86
		Release|ARM = Release|ARM
		Release|x64 = Release|x64
		Release|x86 = Release|x86
	EndGlobalSection
	GlobalSection(ProjectConfigurationPlatforms) = postSolution
		{AFCD57E1-5DF5-4D26-A5F0-D5DB99AD87AD}.Debug|ARM.ActiveCfg = Debug|ARM
		{AFCD57E1-5DF5-4D26-A5F0-D5DB99AD87AD}.Debug|ARM.Build.0 = Debug|ARM
		{AFCD57E1-5DF5-4D26-A5F0-D5DB99AD87AD}.Debug|ARM.Deploy.0 = Debug|ARM
		{AFCD57E1-5DF5-4D26-A5F0-D5DB99AD87AD}.Debug|x64.ActiveCfg = Debug|x64
		{AFCD57E1-5DF5-4D26-A5F0-D5DB99AD87AD}.Debug|x64.Build.0 = Debug|x64
		{AFCD57E1-5DF5-4D26-A5F0-D5DB99AD87AD}.Debug|x64.Deploy.0 = Debug|x64
		{AFCD57E1-5DF5-4D26-A5F0-D5DB99AD87AD}.Debug|x86.ActiveCfg = Debug|ARM
		{AFCD57E1-5DF5-4D26-A5F0-D5DB99AD87AD}.Debug|x86.Build.0 = Debug|ARM
		{AFCD57E1-5DF5-4D26-A5F0-D5DB99AD87AD}.Debug|x86.Deploy.0 = Debug|ARM
		{AFCD57E1-5DF5-4D26-A5F0-D5DB99AD87AD}.Release|ARM.ActiveCfg = Release|ARM
		{AFCD57E1-5DF5-4D26-A5F0-D5DB99AD87AD}.Release|ARM.Build.0 = Release|ARM
		{AFCD57E1-5DF5-4D26-A5F0-D5DB99AD87AD}.Release|ARM.Deploy.0 = Release|ARM
		{AFCD57E1-5DF5-4D26-A5F0-D5DB99AD87AD}.Release|x64.ActiveCfg = Release|x64
		{AFCD57E1-5DF5-4D26-A5F0-D5DB99AD87AD}.Release|x64.Build.0 = Release|x64
		{AFCD57E1-5DF5-4D26-A5F0-D5DB99AD87AD}.Release|x64.Deploy.0 = Release|x64
		{AFCD57E1-5DF5-4D26-A5F0-D5DB99AD87AD}.Release|x86.ActiveCfg = Release|x86
		{AFCD57E1-5DF5-4D26-A5F0-D5DB99AD87AD}.Release|x86.Build.0 = Release|x86
		{AFCD57E1-5DF5-4D26-A5F0-D5DB99AD87AD}.Release|x86.Deploy.0 = Release|x86
	EndGlobalSection
	GlobalSection(SolutionProperties) = preSolution
		HideSolutionNode = FALSE
	EndGlobalSection
EndGlobal
